
Microsoft Visual Studio Solution File, Format Version 12.00
# Visual Studio Version 16
VisualStudioVersion = 16.0.30204.135
MinimumVisualStudioVersion = 10.0.40219.1
Project("{9A19103F-16F7-4668-BE54-9A1E7A4F7556}") = "BlockChain", "BlockChain\BlockChain.csproj", "{6B2D3A75-30D3-4F3A-87C6-D9DC464EE9AD}"
EndProject
Project("{FAE04EC0-301F-11D3-BF4B-00C04F79EFBC}") = "RSA", "RSA\RSA.csproj", "{DA37483F-A9D3-49EF-830D-398F675C589B}"
EndProject
Global
	GlobalSection(SolutionConfigurationPlatforms) = preSolution
		Debug|Any CPU = Debug|Any CPU
		Release|Any CPU = Release|Any CPU
	EndGlobalSection
	GlobalSection(ProjectConfigurationPlatforms) = postSolution
		{6B2D3A75-30D3-4F3A-87C6-D9DC464EE9AD}.Debug|Any CPU.ActiveCfg = Debug|Any CPU
		{6B2D3A75-30D3-4F3A-87C6-D9DC464EE9AD}.Debug|Any CPU.Build.0 = Debug|Any CPU
		{6B2D3A75-30D3-4F3A-87C6-D9DC464EE9AD}.Release|Any CPU.ActiveCfg = Release|Any CPU
		{6B2D3A75-30D3-4F3A-87C6-D9DC464EE9AD}.Release|Any CPU.Build.0 = Release|Any CPU
		{DA37483F-A9D3-49EF-830D-398F675C589B}.Debug|Any CPU.ActiveCfg = Debug|Any CPU
		{DA37483F-A9D3-49EF-830D-398F675C589B}.Debug|Any CPU.Build.0 = Debug|Any CPU
		{DA37483F-A9D3-49EF-830D-398F675C589B}.Release|Any CPU.ActiveCfg = Release|Any CPU
		{DA37483F-A9D3-49EF-830D-398F675C589B}.Release|Any CPU.Build.0 = Release|Any CPU
	EndGlobalSection
	GlobalSection(SolutionProperties) = preSolution
		HideSolutionNode = FALSE
	EndGlobalSection
	GlobalSection(ExtensibilityGlobals) = postSolution
		SolutionGuid = {40B18EE9-A191-484A-B015-B2966D4C534E}
	EndGlobalSection
EndGlobal
